
Microsoft Visual Studio Solution File, Format Version 11.00
# Visual Studio 2010
Project("{FAE04EC0-301F-11D3-BF4B-00C04F79EFBC}") = "Musicly-FREE-master", "Assembly-CSharp-firstpass.csproj", "{787E20C7-7948-6A24-A38E-74BCA6787A28}"
EndProject
Project("{FAE04EC0-301F-11D3-BF4B-00C04F79EFBC}") = "Musicly-FREE-master", "Assembly-CSharp.csproj", "{2869C0C8-D330-4781-959F-7AC5843DEB4A}"
EndProject
Project("{FAE04EC0-301F-11D3-BF4B-00C04F79EFBC}") = "Musicly-FREE-master", "Assembly-CSharp-Editor-firstpass.csproj", "{4FD342FE-37D5-0D76-1820-62EDA8D1C76F}"
EndProject
Project("{FAE04EC0-301F-11D3-BF4B-00C04F79EFBC}") = "Musicly-FREE-master", "Assembly-CSharp-Editor.csproj", "{8CF3BA11-8E34-533A-F6A5-902B3E5E985D}"
EndProject
Global
	GlobalSection(SolutionConfigurationPlatforms) = preSolution
		Debug|Any CPU = Debug|Any CPU
		Release|Any CPU = Release|Any CPU
	EndGlobalSection
	GlobalSection(ProjectConfigurationPlatforms) = postSolution
		{787E20C7-7948-6A24-A38E-74BCA6787A28}.Debug|Any CPU.ActiveCfg = Debug|Any CPU
		{787E20C7-7948-6A24-A38E-74BCA6787A28}.Debug|Any CPU.Build.0 = Debug|Any CPU
		{787E20C7-7948-6A24-A38E-74BCA6787A28}.Release|Any CPU.ActiveCfg = Release|Any CPU
		{787E20C7-7948-6A24-A38E-74BCA6787A28}.Release|Any CPU.Build.0 = Release|Any CPU
		{2869C0C8-D330-4781-959F-7AC5843DEB4A}.Debug|Any CPU.ActiveCfg = Debug|Any CPU
		{2869C0C8-D330-4781-959F-7AC5843DEB4A}.Debug|Any CPU.Build.0 = Debug|Any CPU
		{2869C0C8-D330-4781-959F-7AC5843DEB4A}.Release|Any CPU.ActiveCfg = Release|Any CPU
		{2869C0C8-D330-4781-959F-7AC5843DEB4A}.Release|Any CPU.Build.0 = Release|Any CPU
		{4FD342FE-37D5-0D76-1820-62EDA8D1C76F}.Debug|Any CPU.ActiveCfg = Debug|Any CPU
		{4FD342FE-37D5-0D76-1820-62EDA8D1C76F}.Debug|Any CPU.Build.0 = Debug|Any CPU
		{4FD342FE-37D5-0D76-1820-62EDA8D1C76F}.Release|Any CPU.ActiveCfg = Release|Any CPU
		{4FD342FE-37D5-0D76-1820-62EDA8D1C76F}.Release|Any CPU.Build.0 = Release|Any CPU
		{8CF3BA11-8E34-533A-F6A5-902B3E5E985D}.Debug|Any CPU.ActiveCfg = Debug|Any CPU
		{8CF3BA11-8E34-533A-F6A5-902B3E5E985D}.Debug|Any CPU.Build.0 = Debug|Any CPU
		{8CF3BA11-8E34-533A-F6A5-902B3E5E985D}.Release|Any CPU.ActiveCfg = Release|Any CPU
		{8CF3BA11-8E34-533A-F6A5-902B3E5E985D}.Release|Any CPU.Build.0 = Release|Any CPU
	EndGlobalSection
	GlobalSection(SolutionProperties) = preSolution
		HideSolutionNode = FALSE
	EndGlobalSection
	GlobalSection(MonoDevelopProperties) = preSolution
		StartupItem = Assembly-CSharp.csproj
	EndGlobalSection
EndGlobal
